schema: '2.0'
stages:
  data_ingestion:
    cmd: python src/data/data_ingestion.py
    deps:
    - path: src/data/data_ingestion.py
      hash: md5
      md5: 07f33045dcce029199168b45be841ea6
      size: 3395
    params:
      params.yaml:
        data_ingestion.test_size: 0.2
    outs:
    - path: Data/raw
      hash: md5
      md5: 2f8d02da7bc67c260d9fa8241962149c.dir
      size: 649243
      nfiles: 2
  data_preprocessing:
    cmd: python src/data/data_preprocessing.py
    deps:
    - path: Data/raw
      hash: md5
      md5: 2f8d02da7bc67c260d9fa8241962149c.dir
      size: 649243
      nfiles: 2
    - path: src/data/data_preprocessing.py
      hash: md5
      md5: fcc19b34d95d58a80ed22664a7b12b10
      size: 2909
    outs:
    - path: Data/interim
      hash: md5
      md5: 30a1ad7a56eedcdd441510517fdd2430.dir
      size: 401269
      nfiles: 2
  feature_engineering:
    cmd: python src/features/feature_engineering.py
    deps:
    - path: Data/interim
      hash: md5
      md5: 30a1ad7a56eedcdd441510517fdd2430.dir
      size: 401269
      nfiles: 2
    - path: src/features/feature_engineering.py
      hash: md5
      md5: 0b7a39b2db8366d1607c60d871a3a522
      size: 3447
    params:
      params.yaml:
        feature_engineering.max_features: 50
    outs:
    - path: data/processed
      hash: md5
      md5: 61418ae3c0b54f51b85863117da29cd4.dir
      size: 51883
      nfiles: 2
    - path: models/vectorizer.pkl
      hash: md5
      md5: f95aca27a480ae0e806f86766b02781d
      size: 1866
  model_building:
    cmd: python src/model/model_building.py
    deps:
    - path: data/processed
      hash: md5
      md5: 61418ae3c0b54f51b85863117da29cd4.dir
      size: 51883
      nfiles: 2
    - path: src/model/model_building.py
      hash: md5
      md5: 8d5397fa68f2cf4ff8b205e2726669bb
      size: 1860
    outs:
    - path: models/model.pkl
      hash: md5
      md5: d55ac803a2399271e8a2d00061bc5c64
      size: 1115
  model_evaluation:
    cmd: python src/model/model_evaluation.py
    deps:
    - path: models/model.pkl
      hash: md5
      md5: d55ac803a2399271e8a2d00061bc5c64
      size: 1115
    - path: src/model/model_evaluation.py
      hash: md5
      md5: e7de874724d8acdb38a4e06cc9e67e98
      size: 5586
    outs:
    - path: reports/experiment_info.json
      hash: md5
      md5: 73f59e7a81ed3c9747537bcf1163cc22
      size: 95
    - path: reports/metrics.json
      hash: md5
      md5: 6fdb25babbbf36cdf9f9d4f2acd9886c
      size: 115
  model_registration:
    cmd: python src/model/register_model.py
    deps:
    - path: reports/experiment_info.json
      hash: md5
      md5: 73f59e7a81ed3c9747537bcf1163cc22
      size: 95
    - path: src/model/register_model.py
      hash: md5
      md5: 33f59f2c19dd1da7211ac54422fc0c09
      size: 3160
